
Microsoft Visual Studio Solution File, Format Version 12.00
# Visual Studio 15
VisualStudioVersion = 15.0.27703.2026
MinimumVisualStudioVersion = 10.0.40219.1
Project("{A0786B88-2ADB-4C21-ABE8-AA2D79766269}") = "DawidSchab", "DawidSchab.phpproj", "{08BEA0FF-1E46-415F-9ED7-35E67C7E6006}"
EndProject
Global
	GlobalSection(SolutionConfigurationPlatforms) = preSolution
		Debug|Any CPU = Debug|Any CPU
		Release|Any CPU = Release|Any CPU
	EndGlobalSection
	GlobalSection(ProjectConfigurationPlatforms) = postSolution
		{08BEA0FF-1E46-415F-9ED7-35E67C7E6006}.Debug|Any CPU.ActiveCfg = Debug|Any CPU
		{08BEA0FF-1E46-415F-9ED7-35E67C7E6006}.Debug|Any CPU.Build.0 = Debug|Any CPU
		{08BEA0FF-1E46-415F-9ED7-35E67C7E6006}.Release|Any CPU.ActiveCfg = Release|Any CPU
		{08BEA0FF-1E46-415F-9ED7-35E67C7E6006}.Release|Any CPU.Build.0 = Release|Any CPU
	EndGlobalSection
	GlobalSection(SolutionProperties) = preSolution
		HideSolutionNode = FALSE
	EndGlobalSection
	GlobalSection(ExtensibilityGlobals) = postSolution
		SolutionGuid = {6237F088-0EA0-478E-9853-F326BE7FAFF4}
	EndGlobalSection
EndGlobal
